
Microsoft Visual Studio Solution File, Format Version 11.00
# Visual Studio 2010
Project("{8BC9CEB8-8B4A-11D0-8D11-00A0C91BC942}") = "vehicle_tutorial", "vehicle_tutorial\vehicle_tutorial.vcxproj", "{050B1605-B0E9-4818-BC33-0A76A5CE51B6}"
EndProject
Global
	GlobalSection(SolutionConfigurationPlatforms) = preSolution
		Debug|Win32 = Debug|Win32
		Release|Win32 = Release|Win32
	EndGlobalSection
	GlobalSection(ProjectConfigurationPlatforms) = postSolution
		{050B1605-B0E9-4818-BC33-0A76A5CE51B6}.Debug|Win32.ActiveCfg = Debug|Win32
		{050B1605-B0E9-4818-BC33-0A76A5CE51B6}.Debug|Win32.Build.0 = Debug|Win32
		{050B1605-B0E9-4818-BC33-0A76A5CE51B6}.Release|Win32.ActiveCfg = Release|Win32
		{050B1605-B0E9-4818-BC33-0A76A5CE51B6}.Release|Win32.Build.0 = Release|Win32
	EndGlobalSection
	GlobalSection(SolutionProperties) = preSolution
		HideSolutionNode = FALSE
	EndGlobalSection
EndGlobal
